
Microsoft Visual Studio Solution File, Format Version 12.00
# Visual Studio Version 17
VisualStudioVersion = 17.7.34221.43
MinimumVisualStudioVersion = 10.0.40219.1
Project("{9A19103F-16F7-4668-BE54-9A1E7A4F7556}") = "ShoppingCartApi", "ShoppingCartApi\ShoppingCartApi.csproj", "{FE2224F4-FE27-497C-90DD-3655CE4B3A72}"
EndProject
Project("{2150E333-8FDC-42A3-9474-1A3956D46DE8}") = "src", "src", "{72D92670-D057-4C72-8BB3-AD37DDDF0325}"
EndProject
Project("{2150E333-8FDC-42A3-9474-1A3956D46DE8}") = "Api", "Api", "{61838EDC-F48A-40DE-9502-0A90EBCD4AFE}"
EndProject
Project("{2150E333-8FDC-42A3-9474-1A3956D46DE8}") = "Tests", "Tests", "{AAD9489D-2F2D-4026-9570-8158853D1B53}"
EndProject
Project("{FAE04EC0-301F-11D3-BF4B-00C04F79EFBC}") = "ShoppingCart.Write.Tests.Integration", "Tests\ShoppingCart.Tests.Unit\ShoppingCart.Write.Tests.Integration.csproj", "{A54A7B40-6500-4FEE-B4EE-3B896737D2A5}"
EndProject
Project("{FAE04EC0-301F-11D3-BF4B-00C04F79EFBC}") = "ShoppingCart.Write.Tests.Unit", "Tests\ShoppingCart.Tests.Unit\ShoppingCart.Write.Tests.Unit.csproj", "{33FA6AC5-EFB5-433D-BC9F-4A9E307A26B5}"
EndProject
Project("{FAE04EC0-301F-11D3-BF4B-00C04F79EFBC}") = "ShoppingCart.Write.Tests.Base", "Tests\ShoppingCart.Tests.Base\ShoppingCart.Write.Tests.Base.csproj", "{E78FA7B8-1E14-42C2-9B35-71F2966CE18B}"
EndProject
Global
	GlobalSection(SolutionConfigurationPlatforms) = preSolution
		Debug|Any CPU = Debug|Any CPU
		Release|Any CPU = Release|Any CPU
	EndGlobalSection
	GlobalSection(ProjectConfigurationPlatforms) = postSolution
		{FE2224F4-FE27-497C-90DD-3655CE4B3A72}.Debug|Any CPU.ActiveCfg = Debug|Any CPU
		{FE2224F4-FE27-497C-90DD-3655CE4B3A72}.Debug|Any CPU.Build.0 = Debug|Any CPU
		{FE2224F4-FE27-497C-90DD-3655CE4B3A72}.Release|Any CPU.ActiveCfg = Release|Any CPU
		{FE2224F4-FE27-497C-90DD-3655CE4B3A72}.Release|Any CPU.Build.0 = Release|Any CPU
		{A54A7B40-6500-4FEE-B4EE-3B896737D2A5}.Debug|Any CPU.ActiveCfg = Debug|Any CPU
		{A54A7B40-6500-4FEE-B4EE-3B896737D2A5}.Debug|Any CPU.Build.0 = Debug|Any CPU
		{A54A7B40-6500-4FEE-B4EE-3B896737D2A5}.Release|Any CPU.ActiveCfg = Release|Any CPU
		{A54A7B40-6500-4FEE-B4EE-3B896737D2A5}.Release|Any CPU.Build.0 = Release|Any CPU
		{33FA6AC5-EFB5-433D-BC9F-4A9E307A26B5}.Debug|Any CPU.ActiveCfg = Debug|Any CPU
		{33FA6AC5-EFB5-433D-BC9F-4A9E307A26B5}.Debug|Any CPU.Build.0 = Debug|Any CPU
		{33FA6AC5-EFB5-433D-BC9F-4A9E307A26B5}.Release|Any CPU.ActiveCfg = Release|Any CPU
		{33FA6AC5-EFB5-433D-BC9F-4A9E307A26B5}.Release|Any CPU.Build.0 = Release|Any CPU
		{E78FA7B8-1E14-42C2-9B35-71F2966CE18B}.Debug|Any CPU.ActiveCfg = Debug|Any CPU
		{E78FA7B8-1E14-42C2-9B35-71F2966CE18B}.Debug|Any CPU.Build.0 = Debug|Any CPU
		{E78FA7B8-1E14-42C2-9B35-71F2966CE18B}.Release|Any CPU.ActiveCfg = Release|Any CPU
		{E78FA7B8-1E14-42C2-9B35-71F2966CE18B}.Release|Any CPU.Build.0 = Release|Any CPU
	EndGlobalSection
	GlobalSection(SolutionProperties) = preSolution
		HideSolutionNode = FALSE
	EndGlobalSection
	GlobalSection(NestedProjects) = preSolution
		{FE2224F4-FE27-497C-90DD-3655CE4B3A72} = {61838EDC-F48A-40DE-9502-0A90EBCD4AFE}
		{61838EDC-F48A-40DE-9502-0A90EBCD4AFE} = {72D92670-D057-4C72-8BB3-AD37DDDF0325}
		{AAD9489D-2F2D-4026-9570-8158853D1B53} = {72D92670-D057-4C72-8BB3-AD37DDDF0325}
		{A54A7B40-6500-4FEE-B4EE-3B896737D2A5} = {AAD9489D-2F2D-4026-9570-8158853D1B53}
		{33FA6AC5-EFB5-433D-BC9F-4A9E307A26B5} = {AAD9489D-2F2D-4026-9570-8158853D1B53}
		{E78FA7B8-1E14-42C2-9B35-71F2966CE18B} = {AAD9489D-2F2D-4026-9570-8158853D1B53}
	EndGlobalSection
	GlobalSection(ExtensibilityGlobals) = postSolution
		SolutionGuid = {A2DD9600-930F-4F5F-8B20-6AB67D5EEF01}
	EndGlobalSection
EndGlobal
