
Microsoft Visual Studio Solution File, Format Version 12.00
# Visual Studio Version 17
VisualStudioVersion = 17.7.34221.43
MinimumVisualStudioVersion = 10.0.40219.1
Project("{FAE04EC0-301F-11D3-BF4B-00C04F79EFBC}") = "ShoppingCardApi", "ShoppingCardApi\ShoppingCardApi.csproj", "{FE2224F4-FE27-497C-90DD-3655CE4B3A72}"
EndProject
Global
	GlobalSection(SolutionConfigurationPlatforms) = preSolution
		Debug|Any CPU = Debug|Any CPU
		Release|Any CPU = Release|Any CPU
	EndGlobalSection
	GlobalSection(ProjectConfigurationPlatforms) = postSolution
		{FE2224F4-FE27-497C-90DD-3655CE4B3A72}.Debug|Any CPU.ActiveCfg = Debug|Any CPU
		{FE2224F4-FE27-497C-90DD-3655CE4B3A72}.Debug|Any CPU.Build.0 = Debug|Any CPU
		{FE2224F4-FE27-497C-90DD-3655CE4B3A72}.Release|Any CPU.ActiveCfg = Release|Any CPU
		{FE2224F4-FE27-497C-90DD-3655CE4B3A72}.Release|Any CPU.Build.0 = Release|Any CPU
	EndGlobalSection
	GlobalSection(SolutionProperties) = preSolution
		HideSolutionNode = FALSE
	EndGlobalSection
	GlobalSection(ExtensibilityGlobals) = postSolution
		SolutionGuid = {A2DD9600-930F-4F5F-8B20-6AB67D5EEF01}
	EndGlobalSection
EndGlobal
